
Microsoft Visual Studio Solution File, Format Version 12.00
# Visual Studio Version 17
VisualStudioVersion = 17.9.34607.119
MinimumVisualStudioVersion = 10.0.40219.1
Project("{FAE04EC0-301F-11D3-BF4B-00C04F79EFBC}") = "AppXML", "AppXML\AppXML.csproj", "{B758019E-E01A-45E6-B84D-F3178276640E}"
EndProject
Global
	GlobalSection(SolutionConfigurationPlatforms) = preSolution
		Debug|Any CPU = Debug|Any CPU
		Release|Any CPU = Release|Any CPU
	EndGlobalSection
	GlobalSection(ProjectConfigurationPlatforms) = postSolution
		{B758019E-E01A-45E6-B84D-F3178276640E}.Debug|Any CPU.ActiveCfg = Debug|Any CPU
		{B758019E-E01A-45E6-B84D-F3178276640E}.Debug|Any CPU.Build.0 = Debug|Any CPU
		{B758019E-E01A-45E6-B84D-F3178276640E}.Release|Any CPU.ActiveCfg = Release|Any CPU
		{B758019E-E01A-45E6-B84D-F3178276640E}.Release|Any CPU.Build.0 = Release|Any CPU
	EndGlobalSection
	GlobalSection(SolutionProperties) = preSolution
		HideSolutionNode = FALSE
	EndGlobalSection
	GlobalSection(ExtensibilityGlobals) = postSolution
		SolutionGuid = {AD4EACE8-EC70-4340-B84F-FC858F8A2E3C}
	EndGlobalSection
EndGlobal
